{
  "name": "tunel",
  "version": "1.0.0",
  "lockfileVersion": 1,
  "requires": true,
  "dependencies": {
    "tcp-local-tunnel": {
      "version": "1.0.6",
      "resolved": "https://registry.npmjs.org/tcp-local-tunnel/-/tcp-local-tunnel-1.0.6.tgz",
      "integrity": "sha512-RbtrjbVB6msBESmzsJ5YYivaQq6iZ1Uxoa1nlO14eVjIXpfm9LDKXWHrQ2J0o2Dqm66B3x7IkGd1YMeGDy2SFg=="
    }
  }
}
